{
  "name": "tokens-types",
  "version": "1.0.1",
  "lockfileVersion": 2,
  "requires": true,
  "packages": {
    "": {
      "name": "tokens-types",
      "version": "1.0.1",
      "license": "MIT License",
      "devDependencies": {
        "@tokens-bruecke/tokens-types": "git+https://github.com/al-dente-studio/token-types.git",
        "prettier": "^2.6.1"
      }
    },
    "node_modules/@tokens-bruecke/tokens-types": {
      "name": "tokens-types",
      "version": "1.0.1",
      "resolved": "git+ssh://git@github.com/al-dente-studio/token-types.git#a951d5ca17b7c7fd233bbdfaff4f80b83fea9a50",
      "dev": true,
      "license": "MIT License"
    },
    "node_modules/prettier": {
      "version": "2.8.8",
      "resolved": "https://registry.npmjs.org/prettier/-/prettier-2.8.8.tgz",
      "integrity": "sha512-tdN8qQGvNjw4CHbY+XXk0JgCXn9QiF21a55rBe5LJAU+kDyC4WQn4+awm2Xfk2lQMk5fKup9XgzTZtGkjBdP9Q==",
      "dev": true,
      "license": "MIT",
      "bin": {
        "prettier": "bin-prettier.js"
      },
      "engines": {
        "node": ">=10.13.0"
      },
      "funding": {
        "url": "https://github.com/prettier/prettier?sponsor=1"
      }
    }
  },
  "dependencies": {
    "@tokens-bruecke/tokens-types": {
      "version": "git+ssh://git@github.com/al-dente-studio/token-types.git#a951d5ca17b7c7fd233bbdfaff4f80b83fea9a50",
      "dev": true,
      "from": "@tokens-bruecke/tokens-types@git+https://github.com/al-dente-studio/token-types.git"
    },
    "prettier": {
      "version": "2.8.8",
      "resolved": "https://registry.npmjs.org/prettier/-/prettier-2.8.8.tgz",
      "integrity": "sha512-tdN8qQGvNjw4CHbY+XXk0JgCXn9QiF21a55rBe5LJAU+kDyC4WQn4+awm2Xfk2lQMk5fKup9XgzTZtGkjBdP9Q==",
      "dev": true
    }
  }
}
